// !$*UTF8*$!
{
	archiveVersion = 1;
	classes = {
	};
	objectVersion = 42;
	objects = {

/* Begin PBXBuildFile section */
		7F35FF4007F9ACD90056051D /* QSCore.framework in Frameworks */ = {isa = PBXBuildFile; fileRef = 7F35FF3C07F9ACD90056051D /* QSCore.framework */; };
		7F35FF4207F9ACD90056051D /* QSFoundation.framework in Frameworks */ = {isa = PBXBuildFile; fileRef = 7F35FF3E07F9ACD90056051D /* QSFoundation.framework */; };
		7F3F935D084F65CE00B757FA /* QSiPhotoSource.m in Sources */ = {isa = PBXBuildFile; fileRef = 7F3F935C084F65CE00B757FA /* QSiPhotoSource.m */; };
		7F99D6300A94D8CE004D283D /* iPhotoSpecialRollIcon.png in Resources */ = {isa = PBXBuildFile; fileRef = 7F99D62C0A94D8CE004D283D /* iPhotoSpecialRollIcon.png */; };
		7F99D6310A94D8CE004D283D /* iPhotoLibraryIcon.png in Resources */ = {isa = PBXBuildFile; fileRef = 7F99D62D0A94D8CE004D283D /* iPhotoLibraryIcon.png */; };
		7F99D6320A94D8CE004D283D /* iPhotoCalendarIcon.png in Resources */ = {isa = PBXBuildFile; fileRef = 7F99D62E0A94D8CE004D283D /* iPhotoCalendarIcon.png */; };
		7F99D6330A94D8CE004D283D /* iPhotoAlbumIcon.png in Resources */ = {isa = PBXBuildFile; fileRef = 7F99D62F0A94D8CE004D283D /* iPhotoAlbumIcon.png */; };
		8D1AC9700486D14A00FE50C9 /* Cocoa.framework in Frameworks */ = {isa = PBXBuildFile; fileRef = DD92D38A0106425D02CA0E72 /* Cocoa.framework */; };
		CD2E8C78159A17AD00E9A184 /* iPhoto.app in Sources */ = {isa = PBXBuildFile; fileRef = CD2E8C72159A174700E9A184 /* iPhoto.app */; };
		CD2E8C7B159A1B3800E9A184 /* ScriptingBridge.framework in Frameworks */ = {isa = PBXBuildFile; fileRef = CD2E8C7A159A1B3800E9A184 /* ScriptingBridge.framework */; };
/* End PBXBuildFile section */

/* Begin PBXBuildRule section */
		CD2E8C79159A17DE00E9A184 /* PBXBuildRule */ = {
			isa = PBXBuildRule;
			compilerSpec = com.apple.compilers.proxy.script;
			filePatterns = "*.app";
			fileType = pattern.proxy;
			isEditable = 1;
			outputFiles = (
				"$(DERIVED_FILES_DIR)/$(INPUT_FILE_BASE).h",
			);
			script = "sdef \"$INPUT_FILE_PATH\" | sdp -fh -o \"$DERIVED_FILES_DIR\" --basename \"$INPUT_FILE_BASE\" --bundleid `defaults read \"$INPUT_FILE_PATH/Contents/Info\" CFBundleIdentifier`";
		};
/* End PBXBuildRule section */

/* Begin PBXFileReference section */
		14DE8C6110D0B10400851A6F /* Common.xcconfig */ = {isa = PBXFileReference; fileEncoding = 4; lastKnownFileType = text.xcconfig; path = Common.xcconfig; sourceTree = "<group>"; };
		14DE8C6210D0B10400851A6F /* Debug.xcconfig */ = {isa = PBXFileReference; fileEncoding = 4; lastKnownFileType = text.xcconfig; path = Debug.xcconfig; sourceTree = "<group>"; };
		14DE8C6310D0B10400851A6F /* Developer.xcconfig */ = {isa = PBXFileReference; fileEncoding = 4; lastKnownFileType = text.xcconfig; path = Developer.xcconfig; sourceTree = "<group>"; };
		14DE8C6410D0B10400851A6F /* QSPlugIn_Debug.xcconfig */ = {isa = PBXFileReference; fileEncoding = 4; lastKnownFileType = text.xcconfig; path = QSPlugIn_Debug.xcconfig; sourceTree = "<group>"; };
		14DE8C6610D0B10400851A6F /* QSPlugIn_Release.xcconfig */ = {isa = PBXFileReference; fileEncoding = 4; lastKnownFileType = text.xcconfig; path = QSPlugIn_Release.xcconfig; sourceTree = "<group>"; };
		14DE8C6710D0B10400851A6F /* QSPlugIn.xcconfig */ = {isa = PBXFileReference; fileEncoding = 4; lastKnownFileType = text.xcconfig; path = QSPlugIn.xcconfig; sourceTree = "<group>"; };
		14DE8C6810D0B10400851A6F /* Release.xcconfig */ = {isa = PBXFileReference; fileEncoding = 4; lastKnownFileType = text.xcconfig; path = Release.xcconfig; sourceTree = "<group>"; };
		7F35FF3C07F9ACD90056051D /* QSCore.framework */ = {isa = PBXFileReference; lastKnownFileType = wrapper.framework; path = QSCore.framework; sourceTree = BUILT_PRODUCTS_DIR; };
		7F35FF3E07F9ACD90056051D /* QSFoundation.framework */ = {isa = PBXFileReference; lastKnownFileType = wrapper.framework; path = QSFoundation.framework; sourceTree = BUILT_PRODUCTS_DIR; };
		7F3F935B084F65CE00B757FA /* QSiPhotoSource.h */ = {isa = PBXFileReference; fileEncoding = 30; lastKnownFileType = sourcecode.c.h; path = QSiPhotoSource.h; sourceTree = "<group>"; };
		7F3F935C084F65CE00B757FA /* QSiPhotoSource.m */ = {isa = PBXFileReference; fileEncoding = 30; lastKnownFileType = sourcecode.c.objc; path = QSiPhotoSource.m; sourceTree = "<group>"; };
		7F99D62C0A94D8CE004D283D /* iPhotoSpecialRollIcon.png */ = {isa = PBXFileReference; lastKnownFileType = image.png; path = iPhotoSpecialRollIcon.png; sourceTree = "<group>"; };
		7F99D62D0A94D8CE004D283D /* iPhotoLibraryIcon.png */ = {isa = PBXFileReference; lastKnownFileType = image.png; path = iPhotoLibraryIcon.png; sourceTree = "<group>"; };
		7F99D62E0A94D8CE004D283D /* iPhotoCalendarIcon.png */ = {isa = PBXFileReference; lastKnownFileType = image.png; path = iPhotoCalendarIcon.png; sourceTree = "<group>"; };
		7F99D62F0A94D8CE004D283D /* iPhotoAlbumIcon.png */ = {isa = PBXFileReference; lastKnownFileType = image.png; path = iPhotoAlbumIcon.png; sourceTree = "<group>"; };
		8D1AC9730486D14A00FE50C9 /* Info.plist */ = {isa = PBXFileReference; fileEncoding = 4; lastKnownFileType = text.plist; path = Info.plist; sourceTree = "<group>"; };
		8D1AC9740486D14A00FE50C9 /* iPhoto Plugin.qsplugin */ = {isa = PBXFileReference; explicitFileType = wrapper.cfbundle; includeInIndex = 0; path = "iPhoto Plugin.qsplugin"; sourceTree = BUILT_PRODUCTS_DIR; };
		CD2E8C72159A174700E9A184 /* iPhoto.app */ = {isa = PBXFileReference; lastKnownFileType = wrapper.application; name = iPhoto.app; path = /Applications/iPhoto.app; sourceTree = "<absolute>"; };
		CD2E8C7A159A1B3800E9A184 /* ScriptingBridge.framework */ = {isa = PBXFileReference; lastKnownFileType = wrapper.framework; name = ScriptingBridge.framework; path = System/Library/Frameworks/ScriptingBridge.framework; sourceTree = SDKROOT; };
		DD92D38A0106425D02CA0E72 /* Cocoa.framework */ = {isa = PBXFileReference; lastKnownFileType = wrapper.framework; name = Cocoa.framework; path = /System/Library/Frameworks/Cocoa.framework; sourceTree = "<absolute>"; };
/* End PBXFileReference section */

/* Begin PBXFrameworksBuildPhase section */
		8D1AC96E0486D14A00FE50C9 /* Frameworks */ = {
			isa = PBXFrameworksBuildPhase;
			buildActionMask = 2147483647;
			files = (
				CD2E8C7B159A1B3800E9A184 /* ScriptingBridge.framework in Frameworks */,
				8D1AC9700486D14A00FE50C9 /* Cocoa.framework in Frameworks */,
				7F35FF4007F9ACD90056051D /* QSCore.framework in Frameworks */,
				7F35FF4207F9ACD90056051D /* QSFoundation.framework in Frameworks */,
			);
			runOnlyForDeploymentPostprocessing = 0;
		};
/* End PBXFrameworksBuildPhase section */

/* Begin PBXGroup section */
		0259C574FE90428111CA0C5A /* QSiPhotoPlugIn */ = {
			isa = PBXGroup;
			children = (
				CD2E8C72159A174700E9A184 /* iPhoto.app */,
				14DE8C5E10D0B0E800851A6F /* Configuration */,
				32DBCF9E0370C38000C91783 /* Classes */,
				0259C582FE90428111CA0C5A /* Resources */,
				1ED78706FE9D4A0611CA0C5A /* Products */,
				2E58F364FFB232C311CA0CBA /* Frameworks */,
			);
			name = QSiPhotoPlugIn;
			sourceTree = "<group>";
		};
		0259C582FE90428111CA0C5A /* Resources */ = {
			isa = PBXGroup;
			children = (
				7F99D62C0A94D8CE004D283D /* iPhotoSpecialRollIcon.png */,
				7F99D62D0A94D8CE004D283D /* iPhotoLibraryIcon.png */,
				7F99D62E0A94D8CE004D283D /* iPhotoCalendarIcon.png */,
				7F99D62F0A94D8CE004D283D /* iPhotoAlbumIcon.png */,
				8D1AC9730486D14A00FE50C9 /* Info.plist */,
			);
			name = Resources;
			sourceTree = "<group>";
		};
		14DE8C5E10D0B0E800851A6F /* Configuration */ = {
			isa = PBXGroup;
			children = (
				14DE8C6110D0B10400851A6F /* Common.xcconfig */,
				14DE8C6210D0B10400851A6F /* Debug.xcconfig */,
				14DE8C6310D0B10400851A6F /* Developer.xcconfig */,
				14DE8C6410D0B10400851A6F /* QSPlugIn_Debug.xcconfig */,
				14DE8C6610D0B10400851A6F /* QSPlugIn_Release.xcconfig */,
				14DE8C6710D0B10400851A6F /* QSPlugIn.xcconfig */,
				14DE8C6810D0B10400851A6F /* Release.xcconfig */,
			);
			name = Configuration;
			path = /private/tmp/QS/Configuration;
			sourceTree = "<absolute>";
		};
		1ED78706FE9D4A0611CA0C5A /* Products */ = {
			isa = PBXGroup;
			children = (
				8D1AC9740486D14A00FE50C9 /* iPhoto Plugin.qsplugin */,
			);
			name = Products;
			sourceTree = "<group>";
		};
		2E58F364FFB232C311CA0CBA /* Frameworks */ = {
			isa = PBXGroup;
			children = (
				CD2E8C7A159A1B3800E9A184 /* ScriptingBridge.framework */,
				DD92D38A0106425D02CA0E72 /* Cocoa.framework */,
				7F35FF3C07F9ACD90056051D /* QSCore.framework */,
				7F35FF3E07F9ACD90056051D /* QSFoundation.framework */,
			);
			name = Frameworks;
			sourceTree = "<group>";
		};
		32DBCF9E0370C38000C91783 /* Classes */ = {
			isa = PBXGroup;
			children = (
				7F3F935B084F65CE00B757FA /* QSiPhotoSource.h */,
				7F3F935C084F65CE00B757FA /* QSiPhotoSource.m */,
			);
			name = Classes;
			sourceTree = "<group>";
		};
/* End PBXGroup section */

/* Begin PBXNativeTarget section */
		8D1AC9600486D14A00FE50C9 /* iPhoto Plugin */ = {
			isa = PBXNativeTarget;
			buildConfigurationList = 7F07B03A085E433300E2AFC4 /* Build configuration list for PBXNativeTarget "iPhoto Plugin" */;
			buildPhases = (
				8D1AC96A0486D14A00FE50C9 /* Sources */,
				8D1AC9660486D14A00FE50C9 /* Resources */,
				8D1AC96E0486D14A00FE50C9 /* Frameworks */,
				E1022B2806B3475D00299BEC /* ShellScript */,
			);
			buildRules = (
				CD2E8C79159A17DE00E9A184 /* PBXBuildRule */,
			);
			dependencies = (
			);
			name = "iPhoto Plugin";
			productInstallPath = "$(HOME)/Developer/Palettes";
			productName = QSiPhotoPlugIn;
			productReference = 8D1AC9740486D14A00FE50C9 /* iPhoto Plugin.qsplugin */;
			productType = "com.apple.product-type.bundle";
		};
/* End PBXNativeTarget section */

/* Begin PBXProject section */
		0259C573FE90428111CA0C5A /* Project object */ = {
			isa = PBXProject;
			buildConfigurationList = 7F07B03E085E433300E2AFC4 /* Build configuration list for PBXProject "QSiPhotoPlugIn" */;
			compatibilityVersion = "Xcode 2.4";
			developmentRegion = English;
			hasScannedForEncodings = 1;
			knownRegions = (
				en,
			);
			mainGroup = 0259C574FE90428111CA0C5A /* QSiPhotoPlugIn */;
			projectDirPath = "";
			projectRoot = "";
			targets = (
				8D1AC9600486D14A00FE50C9 /* iPhoto Plugin */,
			);
		};
/* End PBXProject section */

/* Begin PBXResourcesBuildPhase section */
		8D1AC9660486D14A00FE50C9 /* Resources */ = {
			isa = PBXResourcesBuildPhase;
			buildActionMask = 2147483647;
			files = (
				7F99D6300A94D8CE004D283D /* iPhotoSpecialRollIcon.png in Resources */,
				7F99D6310A94D8CE004D283D /* iPhotoLibraryIcon.png in Resources */,
				7F99D6320A94D8CE004D283D /* iPhotoCalendarIcon.png in Resources */,
				7F99D6330A94D8CE004D283D /* iPhotoAlbumIcon.png in Resources */,
			);
			runOnlyForDeploymentPostprocessing = 0;
		};
/* End PBXResourcesBuildPhase section */

/* Begin PBXShellScriptBuildPhase section */
		E1022B2806B3475D00299BEC /* ShellScript */ = {
			isa = PBXShellScriptBuildPhase;
			buildActionMask = 12;
			files = (
			);
			inputPaths = (
			);
			outputPaths = (
			);
			runOnlyForDeploymentPostprocessing = 0;
			shellPath = /bin/sh;
			shellScript = "$SRCROOT/bltrversion $INFOPLIST_FILE";
		};
/* End PBXShellScriptBuildPhase section */

/* Begin PBXSourcesBuildPhase section */
		8D1AC96A0486D14A00FE50C9 /* Sources */ = {
			isa = PBXSourcesBuildPhase;
			buildActionMask = 2147483647;
			files = (
				CD2E8C78159A17AD00E9A184 /* iPhoto.app in Sources */,
				7F3F935D084F65CE00B757FA /* QSiPhotoSource.m in Sources */,
			);
			runOnlyForDeploymentPostprocessing = 0;
		};
/* End PBXSourcesBuildPhase section */

/* Begin XCBuildConfiguration section */
		7F07B03B085E433300E2AFC4 /* Debug */ = {
			isa = XCBuildConfiguration;
			baseConfigurationReference = 14DE8C6710D0B10400851A6F /* QSPlugIn.xcconfig */;
			buildSettings = {
				OTHER_LDFLAGS = "-bundle";
				PRODUCT_NAME = "iPhoto Plugin";
			};
			name = Debug;
		};
		7F07B03C085E433300E2AFC4 /* Release */ = {
			isa = XCBuildConfiguration;
			baseConfigurationReference = 14DE8C6710D0B10400851A6F /* QSPlugIn.xcconfig */;
			buildSettings = {
				OTHER_LDFLAGS = "-bundle";
				PRODUCT_NAME = "iPhoto Plugin";
			};
			name = Release;
		};
		7F07B03F085E433300E2AFC4 /* Debug */ = {
			isa = XCBuildConfiguration;
			baseConfigurationReference = 14DE8C6210D0B10400851A6F /* Debug.xcconfig */;
			buildSettings = {
			};
			name = Debug;
		};
		7F07B040085E433300E2AFC4 /* Release */ = {
			isa = XCBuildConfiguration;
			baseConfigurationReference = 14DE8C6810D0B10400851A6F /* Release.xcconfig */;
			buildSettings = {
			};
			name = Release;
		};
/* End XCBuildConfiguration section */

/* Begin XCConfigurationList section */
		7F07B03A085E433300E2AFC4 /* Build configuration list for PBXNativeTarget "iPhoto Plugin" */ = {
			isa = XCConfigurationList;
			buildConfigurations = (
				7F07B03B085E433300E2AFC4 /* Debug */,
				7F07B03C085E433300E2AFC4 /* Release */,
			);
			defaultConfigurationIsVisible = 0;
			defaultConfigurationName = Debug;
		};
		7F07B03E085E433300E2AFC4 /* Build configuration list for PBXProject "QSiPhotoPlugIn" */ = {
			isa = XCConfigurationList;
			buildConfigurations = (
				7F07B03F085E433300E2AFC4 /* Debug */,
				7F07B040085E433300E2AFC4 /* Release */,
			);
			defaultConfigurationIsVisible = 0;
			defaultConfigurationName = Debug;
		};
/* End XCConfigurationList section */
	};
	rootObject = 0259C573FE90428111CA0C5A /* Project object */;
}
